
Microsoft Visual Studio Solution File, Format Version 12.00
# Visual Studio 15
VisualStudioVersion = 15.0.28307.168
MinimumVisualStudioVersion = 10.0.40219.1
Project("{888888A0-9F3D-457C-B088-3A5042F75D52}") = "Responsive Calendar", "Responsive Calendar\Responsive Calendar.pyproj", "{7CB88F80-939D-4E28-8B9E-8626F433C844}"
EndProject
Global
	GlobalSection(SolutionConfigurationPlatforms) = preSolution
		Debug|Any CPU = Debug|Any CPU
		Release|Any CPU = Release|Any CPU
	EndGlobalSection
	GlobalSection(ProjectConfigurationPlatforms) = postSolution
		{7CB88F80-939D-4E28-8B9E-8626F433C844}.Debug|Any CPU.ActiveCfg = Debug|Any CPU
		{7CB88F80-939D-4E28-8B9E-8626F433C844}.Release|Any CPU.ActiveCfg = Release|Any CPU
	EndGlobalSection
	GlobalSection(SolutionProperties) = preSolution
		HideSolutionNode = FALSE
	EndGlobalSection
	GlobalSection(ExtensibilityGlobals) = postSolution
		SolutionGuid = {F57E2538-E541-4A86-B030-B18E54DC9554}
	EndGlobalSection
EndGlobal
